Microsoft Visual Studio Solution File, Format Version 11.00
# Visual Studio 2008

Project("{2236E1F7-5B21-02C6-7B89-9FA65432E43B}") = "SpaceAttack", "Assembly-CSharp.csproj", "{37EAF1DC-FAB1-2C37-3828-61C4991AA4CA}"
EndProject
Global
	GlobalSection(SolutionConfigurationPlatforms) = preSolution
		Debug|Any CPU = Debug|Any CPU
		Release|Any CPU = Release|Any CPU
	EndGlobalSection
	GlobalSection(ProjectConfigurationPlatforms) = postSolution
		{37EAF1DC-FAB1-2C37-3828-61C4991AA4CA}.Debug|Any CPU.ActiveCfg = Debug|Any CPU
		{37EAF1DC-FAB1-2C37-3828-61C4991AA4CA}.Debug|Any CPU.Build.0 = Debug|Any CPU
		{37EAF1DC-FAB1-2C37-3828-61C4991AA4CA}.Release|Any CPU.ActiveCfg = Release|Any CPU
		{37EAF1DC-FAB1-2C37-3828-61C4991AA4CA}.Release|Any CPU.Build.0 = Release|Any CPU
	EndGlobalSection
	GlobalSection(SolutionProperties) = preSolution
		HideSolutionNode = FALSE
	EndGlobalSection
	GlobalSection(MonoDevelopProperties) = preSolution
		StartupItem = Assembly-CSharp.csproj
	EndGlobalSection
EndGlobal
